
Microsoft Visual Studio Solution File, Format Version 12.00
# Visual Studio 14
VisualStudioVersion = 14.0.25420.1
MinimumVisualStudioVersion = 10.0.40219.1
Project("{FAE04EC0-301F-11D3-BF4B-00C04F79EFBC}") = "FIOCaseRU", "FIOCaseRU\FIOCaseRU.csproj", "{D307C32E-40BA-4915-B2EB-0AA0EB02ABC1}"
EndProject
Project("{FAE04EC0-301F-11D3-BF4B-00C04F79EFBC}") = "FIOCaseRU.Tests", "FIOCaseRU.Tests\FIOCaseRU.Tests.csproj", "{0B83C6D4-8EF0-4B76-88AA-F70D846DB56E}"
EndProject
Project("{FAE04EC0-301F-11D3-BF4B-00C04F79EFBC}") = "FIOCaseRU.VisualTest", "FIOCaseRU.VisualTest\FIOCaseRU.VisualTest.csproj", "{F9080F66-386B-45FE-A5A0-C3BE7F6E23C2}"
EndProject
Project("{FAE04EC0-301F-11D3-BF4B-00C04F79EFBC}") = "FIOCaseRU.ManualTest", "FIOCaseRU.ManualTest\FIOCaseRU.ManualTest.csproj", "{468D3EAD-B85C-478D-85C6-FFBE9BAB75CD}"
EndProject
Project("{FAE04EC0-301F-11D3-BF4B-00C04F79EFBC}") = "WebAPI", "WebAPI\WebAPI.csproj", "{C2FF15FD-3B95-4EB5-BFFD-0A08FC559782}"
EndProject
Project("{FAE04EC0-301F-11D3-BF4B-00C04F79EFBC}") = "Casers.SqlDB", "Casers.SqlDB\Casers.SqlDB.csproj", "{47F97E7B-AB84-4A1B-93B4-8828DDC521DD}"
EndProject
Global
	GlobalSection(SolutionConfigurationPlatforms) = preSolution
		Debug|Any CPU = Debug|Any CPU
		Release|Any CPU = Release|Any CPU
	EndGlobalSection
	GlobalSection(ProjectConfigurationPlatforms) = postSolution
		{D307C32E-40BA-4915-B2EB-0AA0EB02ABC1}.Debug|Any CPU.ActiveCfg = Debug|Any CPU
		{D307C32E-40BA-4915-B2EB-0AA0EB02ABC1}.Debug|Any CPU.Build.0 = Debug|Any CPU
		{D307C32E-40BA-4915-B2EB-0AA0EB02ABC1}.Release|Any CPU.ActiveCfg = Release|Any CPU
		{D307C32E-40BA-4915-B2EB-0AA0EB02ABC1}.Release|Any CPU.Build.0 = Release|Any CPU
		{0B83C6D4-8EF0-4B76-88AA-F70D846DB56E}.Debug|Any CPU.ActiveCfg = Debug|Any CPU
		{0B83C6D4-8EF0-4B76-88AA-F70D846DB56E}.Debug|Any CPU.Build.0 = Debug|Any CPU
		{0B83C6D4-8EF0-4B76-88AA-F70D846DB56E}.Release|Any CPU.ActiveCfg = Release|Any CPU
		{0B83C6D4-8EF0-4B76-88AA-F70D846DB56E}.Release|Any CPU.Build.0 = Release|Any CPU
		{F9080F66-386B-45FE-A5A0-C3BE7F6E23C2}.Debug|Any CPU.ActiveCfg = Debug|Any CPU
		{F9080F66-386B-45FE-A5A0-C3BE7F6E23C2}.Debug|Any CPU.Build.0 = Debug|Any CPU
		{F9080F66-386B-45FE-A5A0-C3BE7F6E23C2}.Release|Any CPU.ActiveCfg = Release|Any CPU
		{F9080F66-386B-45FE-A5A0-C3BE7F6E23C2}.Release|Any CPU.Build.0 = Release|Any CPU
		{468D3EAD-B85C-478D-85C6-FFBE9BAB75CD}.Debug|Any CPU.ActiveCfg = Debug|Any CPU
		{468D3EAD-B85C-478D-85C6-FFBE9BAB75CD}.Debug|Any CPU.Build.0 = Debug|Any CPU
		{468D3EAD-B85C-478D-85C6-FFBE9BAB75CD}.Release|Any CPU.ActiveCfg = Release|Any CPU
		{468D3EAD-B85C-478D-85C6-FFBE9BAB75CD}.Release|Any CPU.Build.0 = Release|Any CPU
		{C2FF15FD-3B95-4EB5-BFFD-0A08FC559782}.Debug|Any CPU.ActiveCfg = Debug|Any CPU
		{C2FF15FD-3B95-4EB5-BFFD-0A08FC559782}.Debug|Any CPU.Build.0 = Debug|Any CPU
		{C2FF15FD-3B95-4EB5-BFFD-0A08FC559782}.Release|Any CPU.ActiveCfg = Release|Any CPU
		{C2FF15FD-3B95-4EB5-BFFD-0A08FC559782}.Release|Any CPU.Build.0 = Release|Any CPU
		{47F97E7B-AB84-4A1B-93B4-8828DDC521DD}.Debug|Any CPU.ActiveCfg = Debug|Any CPU
		{47F97E7B-AB84-4A1B-93B4-8828DDC521DD}.Debug|Any CPU.Build.0 = Debug|Any CPU
		{47F97E7B-AB84-4A1B-93B4-8828DDC521DD}.Release|Any CPU.ActiveCfg = Release|Any CPU
		{47F97E7B-AB84-4A1B-93B4-8828DDC521DD}.Release|Any CPU.Build.0 = Release|Any CPU
	EndGlobalSection
	GlobalSection(SolutionProperties) = preSolution
		HideSolutionNode = FALSE
	EndGlobalSection
EndGlobal
